
Microsoft Visual Studio Solution File, Format Version 12.00
# Visual Studio 14
VisualStudioVersion = 14.0.24720.0
MinimumVisualStudioVersion = 10.0.40219.1
Project("{FAE04EC0-301F-11D3-BF4B-00C04F79EFBC}") = "EhrgoHealth", "src\EhrgoHealth\EhrgoHealth.csproj", "{F1955D36-FD8D-4C8D-839E-87B8355A8C90}"
EndProject
Project("{FAE04EC0-301F-11D3-BF4B-00C04F79EFBC}") = "EhrgoHealth.Web", "src\EhrgoHealth.Web\EhrgoHealth.Web.csproj", "{13E196D9-14DC-4A25-BE40-EEF96DCB1F11}"
EndProject
Project("{FAE04EC0-301F-11D3-BF4B-00C04F79EFBC}") = "EhrgoHealth.UnitTests", "src\EhrgoHealth.UnitTests\EhrgoHealth.UnitTests.csproj", "{4A39E58E-861B-4426-92B2-BBAE509DCEFF}"
EndProject
Project("{FAE04EC0-301F-11D3-BF4B-00C04F79EFBC}") = "EhrgoHealth.Web.UnitTests", "src\EhrgoHealth.Web.UnitTests\EhrgoHealth.Web.UnitTests.csproj", "{7ED140A5-1E19-4047-BF6E-9BED44EAB435}"
EndProject
Project("{2150E333-8FDC-42A3-9474-1A3956D46DE8}") = "Solution Items", "Solution Items", "{91AD8007-98C7-4F41-944D-61662B5E0C49}"
	ProjectSection(SolutionItems) = preProject
		appveyor.yml = appveyor.yml
		EhrgoHealth.vsext = EhrgoHealth.vsext
		Readme.md = Readme.md
	EndProjectSection
EndProject
Project("{FAE04EC0-301F-11D3-BF4B-00C04F79EFBC}") = "EhrgoHealth.WebService", "src\EhrgoHealth.WebService\EhrgoHealth.WebService.csproj", "{235C95AC-08C8-427E-B7AB-F5989A693CC4}"
EndProject
Project("{FAE04EC0-301F-11D3-BF4B-00C04F79EFBC}") = "EhrgoHealth.WebService.UnitTests", "EhrgoHealth.WebService.UnitTests\EhrgoHealth.WebService.UnitTests.csproj", "{CC3D17C4-6577-46E2-8D1D-A8BEBDD483FF}"
EndProject
Global
	GlobalSection(SolutionConfigurationPlatforms) = preSolution
		Debug|Any CPU = Debug|Any CPU
		Release|Any CPU = Release|Any CPU
	EndGlobalSection
	GlobalSection(ProjectConfigurationPlatforms) = postSolution
		{F1955D36-FD8D-4C8D-839E-87B8355A8C90}.Debug|Any CPU.ActiveCfg = Debug|Any CPU
		{F1955D36-FD8D-4C8D-839E-87B8355A8C90}.Debug|Any CPU.Build.0 = Debug|Any CPU
		{F1955D36-FD8D-4C8D-839E-87B8355A8C90}.Release|Any CPU.ActiveCfg = Release|Any CPU
		{F1955D36-FD8D-4C8D-839E-87B8355A8C90}.Release|Any CPU.Build.0 = Release|Any CPU
		{13E196D9-14DC-4A25-BE40-EEF96DCB1F11}.Debug|Any CPU.ActiveCfg = Debug|Any CPU
		{13E196D9-14DC-4A25-BE40-EEF96DCB1F11}.Debug|Any CPU.Build.0 = Debug|Any CPU
		{13E196D9-14DC-4A25-BE40-EEF96DCB1F11}.Release|Any CPU.ActiveCfg = Release|Any CPU
		{13E196D9-14DC-4A25-BE40-EEF96DCB1F11}.Release|Any CPU.Build.0 = Release|Any CPU
		{4A39E58E-861B-4426-92B2-BBAE509DCEFF}.Debug|Any CPU.ActiveCfg = Debug|Any CPU
		{4A39E58E-861B-4426-92B2-BBAE509DCEFF}.Debug|Any CPU.Build.0 = Debug|Any CPU
		{4A39E58E-861B-4426-92B2-BBAE509DCEFF}.Release|Any CPU.ActiveCfg = Release|Any CPU
		{4A39E58E-861B-4426-92B2-BBAE509DCEFF}.Release|Any CPU.Build.0 = Release|Any CPU
		{7ED140A5-1E19-4047-BF6E-9BED44EAB435}.Debug|Any CPU.ActiveCfg = Debug|Any CPU
		{7ED140A5-1E19-4047-BF6E-9BED44EAB435}.Debug|Any CPU.Build.0 = Debug|Any CPU
		{7ED140A5-1E19-4047-BF6E-9BED44EAB435}.Release|Any CPU.ActiveCfg = Release|Any CPU
		{7ED140A5-1E19-4047-BF6E-9BED44EAB435}.Release|Any CPU.Build.0 = Release|Any CPU
		{235C95AC-08C8-427E-B7AB-F5989A693CC4}.Debug|Any CPU.ActiveCfg = Debug|Any CPU
		{235C95AC-08C8-427E-B7AB-F5989A693CC4}.Debug|Any CPU.Build.0 = Debug|Any CPU
		{235C95AC-08C8-427E-B7AB-F5989A693CC4}.Release|Any CPU.ActiveCfg = Release|Any CPU
		{235C95AC-08C8-427E-B7AB-F5989A693CC4}.Release|Any CPU.Build.0 = Release|Any CPU
		{CC3D17C4-6577-46E2-8D1D-A8BEBDD483FF}.Debug|Any CPU.ActiveCfg = Debug|Any CPU
		{CC3D17C4-6577-46E2-8D1D-A8BEBDD483FF}.Debug|Any CPU.Build.0 = Debug|Any CPU
		{CC3D17C4-6577-46E2-8D1D-A8BEBDD483FF}.Release|Any CPU.ActiveCfg = Release|Any CPU
		{CC3D17C4-6577-46E2-8D1D-A8BEBDD483FF}.Release|Any CPU.Build.0 = Release|Any CPU
	EndGlobalSection
	GlobalSection(SolutionProperties) = preSolution
		HideSolutionNode = FALSE
	EndGlobalSection
EndGlobal
